
Microsoft Visual Studio Solution File, Format Version 12.00
# Visual Studio Version 16
VisualStudioVersion = 16.0.30114.105
MinimumVisualStudioVersion = 10.0.40219.1
Project("{9A19103F-16F7-4668-BE54-9A1E7A4F7556}") = "Crm.API", "Crm.API\Crm.API.csproj", "{8B8470E5-4129-4932-9853-DB8E52AEC802}"
EndProject
Project("{2150E333-8FDC-42A3-9474-1A3956D46DE8}") = "Solution Items", "Solution Items", "{FB14261A-C990-4B22-8910-F34BE58DF465}"
	ProjectSection(SolutionItems) = preProject
		docker-compose.yml = docker-compose.yml
		Dockerfile = Dockerfile
	EndProjectSection
EndProject
Project("{9A19103F-16F7-4668-BE54-9A1E7A4F7556}") = "Crm.Data", "Crm.Data\Crm.Data.csproj", "{C51C987C-BE4B-4597-8D26-2E24DAEFEFF5}"
EndProject
Global
	GlobalSection(SolutionConfigurationPlatforms) = preSolution
		Debug|Any CPU = Debug|Any CPU
		Release|Any CPU = Release|Any CPU
	EndGlobalSection
	GlobalSection(ProjectConfigurationPlatforms) = postSolution
		{8B8470E5-4129-4932-9853-DB8E52AEC802}.Debug|Any CPU.ActiveCfg = Debug|Any CPU
		{8B8470E5-4129-4932-9853-DB8E52AEC802}.Debug|Any CPU.Build.0 = Debug|Any CPU
		{8B8470E5-4129-4932-9853-DB8E52AEC802}.Release|Any CPU.ActiveCfg = Release|Any CPU
		{8B8470E5-4129-4932-9853-DB8E52AEC802}.Release|Any CPU.Build.0 = Release|Any CPU
		{C51C987C-BE4B-4597-8D26-2E24DAEFEFF5}.Debug|Any CPU.ActiveCfg = Debug|Any CPU
		{C51C987C-BE4B-4597-8D26-2E24DAEFEFF5}.Debug|Any CPU.Build.0 = Debug|Any CPU
		{C51C987C-BE4B-4597-8D26-2E24DAEFEFF5}.Release|Any CPU.ActiveCfg = Release|Any CPU
		{C51C987C-BE4B-4597-8D26-2E24DAEFEFF5}.Release|Any CPU.Build.0 = Release|Any CPU
	EndGlobalSection
	GlobalSection(SolutionProperties) = preSolution
		HideSolutionNode = FALSE
	EndGlobalSection
	GlobalSection(ExtensibilityGlobals) = postSolution
		SolutionGuid = {3939ACB2-9291-48EC-8862-CD10453C7F20}
	EndGlobalSection
EndGlobal
